
Microsoft Visual Studio Solution File, Format Version 12.00
# Visual Studio Version 17
VisualStudioVersion = 17.1.32328.378
MinimumVisualStudioVersion = 10.0.40219.1
Project("{FAE04EC0-301F-11D3-BF4B-00C04F79EFBC}") = "SistemaMVCMerino_A", "SistemaMVCMerino_A\SistemaMVCMerino_A.csproj", "{C83617D5-3E84-4F8C-B759-6BC2B7F76BD5}"
EndProject
Global
	GlobalSection(SolutionConfigurationPlatforms) = preSolution
		Debug|Any CPU = Debug|Any CPU
		Release|Any CPU = Release|Any CPU
	EndGlobalSection
	GlobalSection(ProjectConfigurationPlatforms) = postSolution
		{C83617D5-3E84-4F8C-B759-6BC2B7F76BD5}.Debug|Any CPU.ActiveCfg = Debug|Any CPU
		{C83617D5-3E84-4F8C-B759-6BC2B7F76BD5}.Debug|Any CPU.Build.0 = Debug|Any CPU
		{C83617D5-3E84-4F8C-B759-6BC2B7F76BD5}.Release|Any CPU.ActiveCfg = Release|Any CPU
		{C83617D5-3E84-4F8C-B759-6BC2B7F76BD5}.Release|Any CPU.Build.0 = Release|Any CPU
	EndGlobalSection
	GlobalSection(SolutionProperties) = preSolution
		HideSolutionNode = FALSE
	EndGlobalSection
	GlobalSection(ExtensibilityGlobals) = postSolution
		SolutionGuid = {EE723F92-94FD-48F4-B884-795C5E2D0071}
	EndGlobalSection
EndGlobal
